// !$*UTF8*$!
{
	archiveVersion = 1;
	classes = {
	};
	objectVersion = 46;
	objects = {

/* Begin PBXBuildFile section */
		9AD1D3311A04832D001863B2 /* AppDelegate.swift in Sources */ = {isa = PBXBuildFile; fileRef = 9AD1D3301A04832D001863B2 /* AppDelegate.swift */; };
		9AD1D3331A04832D001863B2 /* ViewController.swift in Sources */ = {isa = PBXBuildFile; fileRef = 9AD1D3321A04832D001863B2 /* ViewController.swift */; };
		9AD1D3361A04832D001863B2 /* Main.storyboard in Resources */ = {isa = PBXBuildFile; fileRef = 9AD1D3341A04832D001863B2 /* Main.storyboard */; };
		9AD1D3381A04832D001863B2 /* Images.xcassets in Resources */ = {isa = PBXBuildFile; fileRef = 9AD1D3371A04832D001863B2 /* Images.xcassets */; };
		9AD1D33B1A04832D001863B2 /* LaunchScreen.xib in Resources */ = {isa = PBXBuildFile; fileRef = 9AD1D3391A04832D001863B2 /* LaunchScreen.xib */; };
		9AD1D3471A04832D001863B2 /* Grayscale_SliderTests.swift in Sources */ = {isa = PBXBuildFile; fileRef = 9AD1D3461A04832D001863B2 /* Grayscale_SliderTests.swift */; };
/* End PBXBuildFile section */

/* Begin PBXContainerItemProxy section */
		9AD1D3411A04832D001863B2 /* PBXContainerItemProxy */ = {
			isa = PBXContainerItemProxy;
			containerPortal = 9AD1D3231A04832D001863B2 /* Project object */;
			proxyType = 1;
			remoteGlobalIDString = 9AD1D32A1A04832D001863B2;
			remoteInfo = "Grayscale Slider";
		};
/* End PBXContainerItemProxy section */

/* Begin PBXFileReference section */
		9AD1D32B1A04832D001863B2 /* Grayscale Slider.app */ = {isa = PBXFileReference; explicitFileType = wrapper.application; includeInIndex = 0; path = "Grayscale Slider.app"; sourceTree = BUILT_PRODUCTS_DIR; };
		9AD1D32F1A04832D001863B2 /* Info.plist */ = {isa = PBXFileReference; lastKnownFileType = text.plist.xml; path = Info.plist; sourceTree = "<group>"; };
		9AD1D3301A04832D001863B2 /* AppDelegate.swift */ = {isa = PBXFileReference; lastKnownFileType = sourcecode.swift; path = AppDelegate.swift; sourceTree = "<group>"; };
		9AD1D3321A04832D001863B2 /* ViewController.swift */ = {isa = PBXFileReference; lastKnownFileType = sourcecode.swift; path = ViewController.swift; sourceTree = "<group>"; };
		9AD1D3351A04832D001863B2 /* Base */ = {isa = PBXFileReference; lastKnownFileType = file.storyboard; name = Base; path = Base.lproj/Main.storyboard; sourceTree = "<group>"; };
		9AD1D3371A04832D001863B2 /* Images.xcassets */ = {isa = PBXFileReference; lastKnownFileType = folder.assetcatalog; path = Images.xcassets; sourceTree = "<group>"; };
		9AD1D33A1A04832D001863B2 /* Base */ = {isa = PBXFileReference; lastKnownFileType = file.xib; name = Base; path = Base.lproj/LaunchScreen.xib; sourceTree = "<group>"; };
		9AD1D3401A04832D001863B2 /* Grayscale SliderTests.xctest */ = {isa = PBXFileReference; explicitFileType = wrapper.cfbundle; includeInIndex = 0; path = "Grayscale SliderTests.xctest"; sourceTree = BUILT_PRODUCTS_DIR; };
		9AD1D3451A04832D001863B2 /* Info.plist */ = {isa = PBXFileReference; lastKnownFileType = text.plist.xml; path = Info.plist; sourceTree = "<group>"; };
		9AD1D3461A04832D001863B2 /* Grayscale_SliderTests.swift */ = {isa = PBXFileReference; lastKnownFileType = sourcecode.swift; path = Grayscale_SliderTests.swift; sourceTree = "<group>"; };
/* End PBXFileReference section */

/* Begin PBXFrameworksBuildPhase section */
		9AD1D3281A04832D001863B2 /* Frameworks */ = {
			isa = PBXFrameworksBuildPhase;
			buildActionMask = 2147483647;
			files = (
			);
			runOnlyForDeploymentPostprocessing = 0;
		};
		9AD1D33D1A04832D001863B2 /* Frameworks */ = {
			isa = PBXFrameworksBuildPhase;
			buildActionMask = 2147483647;
			files = (
			);
			runOnlyForDeploymentPostprocessing = 0;
		};
/* End PBXFrameworksBuildPhase section */

/* Begin PBXGroup section */
		9AD1D3221A04832D001863B2 = {
			isa = PBXGroup;
			children = (
				9AD1D32D1A04832D001863B2 /* Grayscale Slider */,
				9AD1D3431A04832D001863B2 /* Grayscale SliderTests */,
				9AD1D32C1A04832D001863B2 /* Products */,
			);
			sourceTree = "<group>";
		};
		9AD1D32C1A04832D001863B2 /* Products */ = {
			isa = PBXGroup;
			children = (
				9AD1D32B1A04832D001863B2 /* Grayscale Slider.app */,
				9AD1D3401A04832D001863B2 /* Grayscale SliderTests.xctest */,
			);
			name = Products;
			sourceTree = "<group>";
		};
		9AD1D32D1A04832D001863B2 /* Grayscale Slider */ = {
			isa = PBXGroup;
			children = (
				9AD1D3301A04832D001863B2 /* AppDelegate.swift */,
				9AD1D3321A04832D001863B2 /* ViewController.swift */,
				9AD1D3341A04832D001863B2 /* Main.storyboard */,
				9AD1D3371A04832D001863B2 /* Images.xcassets */,
				9AD1D3391A04832D001863B2 /* LaunchScreen.xib */,
				9AD1D32E1A04832D001863B2 /* Supporting Files */,
			);
			path = "Grayscale Slider";
			sourceTree = "<group>";
		};
		9AD1D32E1A04832D001863B2 /* Supporting Files */ = {
			isa = PBXGroup;
			children = (
				9AD1D32F1A04832D001863B2 /* Info.plist */,
			);
			name = "Supporting Files";
			sourceTree = "<group>";
		};
		9AD1D3431A04832D001863B2 /* Grayscale SliderTests */ = {
			isa = PBXGroup;
			children = (
				9AD1D3461A04832D001863B2 /* Grayscale_SliderTests.swift */,
				9AD1D3441A04832D001863B2 /* Supporting Files */,
			);
			path = "Grayscale SliderTests";
			sourceTree = "<group>";
		};
		9AD1D3441A04832D001863B2 /* Supporting Files */ = {
			isa = PBXGroup;
			children = (
				9AD1D3451A04832D001863B2 /* Info.plist */,
			);
			name = "Supporting Files";
			sourceTree = "<group>";
		};
/* End PBXGroup section */

/* Begin PBXNativeTarget section */
		9AD1D32A1A04832D001863B2 /* Grayscale Slider */ = {
			isa = PBXNativeTarget;
			buildConfigurationList = 9AD1D34A1A04832D001863B2 /* Build configuration list for PBXNativeTarget "Grayscale Slider" */;
			buildPhases = (
				9AD1D3271A04832D001863B2 /* Sources */,
				9AD1D3281A04832D001863B2 /* Frameworks */,
				9AD1D3291A04832D001863B2 /* Resources */,
			);
			buildRules = (
			);
			dependencies = (
			);
			name = "Grayscale Slider";
			productName = "Grayscale Slider";
			productReference = 9AD1D32B1A04832D001863B2 /* Grayscale Slider.app */;
			productType = "com.apple.product-type.application";
		};
		9AD1D33F1A04832D001863B2 /* Grayscale SliderTests */ = {
			isa = PBXNativeTarget;
			buildConfigurationList = 9AD1D34D1A04832D001863B2 /* Build configuration list for PBXNativeTarget "Grayscale SliderTests" */;
			buildPhases = (
				9AD1D33C1A04832D001863B2 /* Sources */,
				9AD1D33D1A04832D001863B2 /* Frameworks */,
				9AD1D33E1A04832D001863B2 /* Resources */,
			);
			buildRules = (
			);
			dependencies = (
				9AD1D3421A04832D001863B2 /* PBXTargetDependency */,
			);
			name = "Grayscale SliderTests";
			productName = "Grayscale SliderTests";
			productReference = 9AD1D3401A04832D001863B2 /* Grayscale SliderTests.xctest */;
			productType = "com.apple.product-type.bundle.unit-test";
		};
/* End PBXNativeTarget section */

/* Begin PBXProject section */
		9AD1D3231A04832D001863B2 /* Project object */ = {
			isa = PBXProject;
			attributes = {
				LastUpgradeCheck = 0610;
				ORGANIZATIONNAME = "Ryan Mesa";
				TargetAttributes = {
					9AD1D32A1A04832D001863B2 = {
						CreatedOnToolsVersion = 6.1;
					};
					9AD1D33F1A04832D001863B2 = {
						CreatedOnToolsVersion = 6.1;
						TestTargetID = 9AD1D32A1A04832D001863B2;
					};
				};
			};
			buildConfigurationList = 9AD1D3261A04832D001863B2 /* Build configuration list for PBXProject "Grayscale Slider" */;
			compatibilityVersion = "Xcode 3.2";
			developmentRegion = English;
			hasScannedForEncodings = 0;
			knownRegions = (
				en,
				Base,
			);
			mainGroup = 9AD1D3221A04832D001863B2;
			productRefGroup = 9AD1D32C1A04832D001863B2 /* Products */;
			projectDirPath = "";
			projectRoot = "";
			targets = (
				9AD1D32A1A04832D001863B2 /* Grayscale Slider */,
				9AD1D33F1A04832D001863B2 /* Grayscale SliderTests */,
			);
		};
/* End PBXProject section */

/* Begin PBXResourcesBuildPhase section */
		9AD1D3291A04832D001863B2 /* Resources */ = {
			isa = PBXResourcesBuildPhase;
			buildActionMask = 2147483647;
			files = (
				9AD1D3361A04832D001863B2 /* Main.storyboard in Resources */,
				9AD1D33B1A04832D001863B2 /* LaunchScreen.xib in Resources */,
				9AD1D3381A04832D001863B2 /* Images.xcassets in Resources */,
			);
			runOnlyForDeploymentPostprocessing = 0;
		};
		9AD1D33E1A04832D001863B2 /* Resources */ = {
			isa = PBXResourcesBuildPhase;
			buildActionMask = 2147483647;
			files = (
			);
			runOnlyForDeploymentPostprocessing = 0;
		};
/* End PBXResourcesBuildPhase section */

/* Begin PBXSourcesBuildPhase section */
		9AD1D3271A04832D001863B2 /* Sources */ = {
			isa = PBXSourcesBuildPhase;
			buildActionMask = 2147483647;
			files = (
				9AD1D3331A04832D001863B2 /* ViewController.swift in Sources */,
				9AD1D3311A04832D001863B2 /* AppDelegate.swift in Sources */,
			);
			runOnlyForDeploymentPostprocessing = 0;
		};
		9AD1D33C1A04832D001863B2 /* Sources */ = {
			isa = PBXSourcesBuildPhase;
			buildActionMask = 2147483647;
			files = (
				9AD1D3471A04832D001863B2 /* Grayscale_SliderTests.swift in Sources */,
			);
			runOnlyForDeploymentPostprocessing = 0;
		};
/* End PBXSourcesBuildPhase section */

/* Begin PBXTargetDependency section */
		9AD1D3421A04832D001863B2 /* PBXTargetDependency */ = {
			isa = PBXTargetDependency;
			target = 9AD1D32A1A04832D001863B2 /* Grayscale Slider */;
			targetProxy = 9AD1D3411A04832D001863B2 /* PBXContainerItemProxy */;
		};
/* End PBXTargetDependency section */

/* Begin PBXVariantGroup section */
		9AD1D3341A04832D001863B2 /* Main.storyboard */ = {
			isa = PBXVariantGroup;
			children = (
				9AD1D3351A04832D001863B2 /* Base */,
			);
			name = Main.storyboard;
			sourceTree = "<group>";
		};
		9AD1D3391A04832D001863B2 /* LaunchScreen.xib */ = {
			isa = PBXVariantGroup;
			children = (
				9AD1D33A1A04832D001863B2 /* Base */,
			);
			name = LaunchScreen.xib;
			sourceTree = "<group>";
		};
/* End PBXVariantGroup section */

/* Begin XCBuildConfiguration section */
		9AD1D3481A04832D001863B2 /* Debug */ = {
			isa = XCBuildConfiguration;
			buildSettings = {
				ALWAYS_SEARCH_USER_PATHS = NO;
				CLANG_CXX_LANGUAGE_STANDARD = "gnu++0x";
				CLANG_CXX_LIBRARY = "libc++";
				CLANG_ENABLE_MODULES = YES;
				CLANG_ENABLE_OBJC_ARC = YES;
				CLANG_WARN_BOOL_CONVERSION = YES;
				CLANG_WARN_CONSTANT_CONVERSION = YES;
				CLANG_WARN_DIRECT_OBJC_ISA_USAGE = YES_ERROR;
				CLANG_WARN_EMPTY_BODY = YES;
				CLANG_WARN_ENUM_CONVERSION = YES;
				CLANG_WARN_INT_CONVERSION = YES;
				CLANG_WARN_OBJC_ROOT_CLASS = YES_ERROR;
				CLANG_WARN_UNREACHABLE_CODE = YES;
				CLANG_WARN__DUPLICATE_METHOD_MATCH = YES;
				"CODE_SIGN_IDENTITY[sdk=iphoneos*]" = "iPhone Developer";
				COPY_PHASE_STRIP = NO;
				ENABLE_STRICT_OBJC_MSGSEND = YES;
				GCC_C_LANGUAGE_STANDARD = gnu99;
				GCC_DYNAMIC_NO_PIC = NO;
				GCC_OPTIMIZATION_LEVEL = 0;
				GCC_PREPROCESSOR_DEFINITIONS = (
					"DEBUG=1",
					"$(inherited)",
				);
				GCC_SYMBOLS_PRIVATE_EXTERN = NO;
				GCC_WARN_64_TO_32_BIT_CONVERSION = YES;
				GCC_WARN_ABOUT_RETURN_TYPE = YES_ERROR;
				GCC_WARN_UNDECLARED_SELECTOR = YES;
				GCC_WARN_UNINITIALIZED_AUTOS = YES_AGGRESSIVE;
				GCC_WARN_UNUSED_FUNCTION = YES;
				GCC_WARN_UNUSED_VARIABLE = YES;
				IPHONEOS_DEPLOYMENT_TARGET = 8.1;
				MTL_ENABLE_DEBUG_INFO = YES;
				ONLY_ACTIVE_ARCH = YES;
				SDKROOT = iphoneos;
				SWIFT_OPTIMIZATION_LEVEL = "-Onone";
			};
			name = Debug;
		};
		9AD1D3491A04832D001863B2 /* Release */ = {
			isa = XCBuildConfiguration;
			buildSettings = {
				ALWAYS_SEARCH_USER_PATHS = NO;
				CLANG_CXX_LANGUAGE_STANDARD = "gnu++0x";
				CLANG_CXX_LIBRARY = "libc++";
				CLANG_ENABLE_MODULES = YES;
				CLANG_ENABLE_OBJC_ARC = YES;
				CLANG_WARN_BOOL_CONVERSION = YES;
				CLANG_WARN_CONSTANT_CONVERSION = YES;
				CLANG_WARN_DIRECT_OBJC_ISA_USAGE = YES_ERROR;
				CLANG_WARN_EMPTY_BODY = YES;
				CLANG_WARN_ENUM_CONVERSION = YES;
				CLANG_WARN_INT_CONVERSION = YES;
				CLANG_WARN_OBJC_ROOT_CLASS = YES_ERROR;
				CLANG_WARN_UNREACHABLE_CODE = YES;
				CLANG_WARN__DUPLICATE_METHOD_MATCH = YES;
				"CODE_SIGN_IDENTITY[sdk=iphoneos*]" = "iPhone Developer";
				COPY_PHASE_STRIP = YES;
				ENABLE_NS_ASSERTIONS = NO;
				ENABLE_STRICT_OBJC_MSGSEND = YES;
				GCC_C_LANGUAGE_STANDARD = gnu99;
				GCC_WARN_64_TO_32_BIT_CONVERSION = YES;
				GCC_WARN_ABOUT_RETURN_TYPE = YES_ERROR;
				GCC_WARN_UNDECLARED_SELECTOR = YES;
				GCC_WARN_UNINITIALIZED_AUTOS = YES_AGGRESSIVE;
				GCC_WARN_UNUSED_FUNCTION = YES;
				GCC_WARN_UNUSED_VARIABLE = YES;
				IPHONEOS_DEPLOYMENT_TARGET = 8.1;
				MTL_ENABLE_DEBUG_INFO = NO;
				SDKROOT = iphoneos;
				VALIDATE_PRODUCT = YES;
			};
			name = Release;
		};
		9AD1D34B1A04832D001863B2 /* Debug */ = {
			isa = XCBuildConfiguration;
			buildSettings = {
				ASSETCATALOG_COMPILER_APPICON_NAME = AppIcon;
				INFOPLIST_FILE = "Grayscale Slider/Info.plist";
				LD_RUNPATH_SEARCH_PATHS = "$(inherited) @executable_path/Frameworks";
				PRODUCT_NAME = "$(TARGET_NAME)";
			};
			name = Debug;
		};
		9AD1D34C1A04832D001863B2 /* Release */ = {
			isa = XCBuildConfiguration;
			buildSettings = {
				ASSETCATALOG_COMPILER_APPICON_NAME = AppIcon;
				INFOPLIST_FILE = "Grayscale Slider/Info.plist";
				LD_RUNPATH_SEARCH_PATHS = "$(inherited) @executable_path/Frameworks";
				PRODUCT_NAME = "$(TARGET_NAME)";
			};
			name = Release;
		};
		9AD1D34E1A04832D001863B2 /* Debug */ = {
			isa = XCBuildConfiguration;
			buildSettings = {
				BUNDLE_LOADER = "$(TEST_HOST)";
				FRAMEWORK_SEARCH_PATHS = (
					"$(SDKROOT)/Developer/Library/Frameworks",
					"$(inherited)",
				);
				GCC_PREPROCESSOR_DEFINITIONS = (
					"DEBUG=1",
					"$(inherited)",
				);
				INFOPLIST_FILE = "Grayscale SliderTests/Info.plist";
				LD_RUNPATH_SEARCH_PATHS = "$(inherited) @executable_path/Frameworks @loader_path/Frameworks";
				PRODUCT_NAME = "$(TARGET_NAME)";
				TEST_HOST = "$(BUILT_PRODUCTS_DIR)/Grayscale Slider.app/Grayscale Slider";
			};
			name = Debug;
		};
		9AD1D34F1A04832D001863B2 /* Release */ = {
			isa = XCBuildConfiguration;
			buildSettings = {
				BUNDLE_LOADER = "$(TEST_HOST)";
				FRAMEWORK_SEARCH_PATHS = (
					"$(SDKROOT)/Developer/Library/Frameworks",
					"$(inherited)",
				);
				INFOPLIST_FILE = "Grayscale SliderTests/Info.plist";
				LD_RUNPATH_SEARCH_PATHS = "$(inherited) @executable_path/Frameworks @loader_path/Frameworks";
				PRODUCT_NAME = "$(TARGET_NAME)";
				TEST_HOST = "$(BUILT_PRODUCTS_DIR)/Grayscale Slider.app/Grayscale Slider";
			};
			name = Release;
		};
/* End XCBuildConfiguration section */

/* Begin XCConfigurationList section */
		9AD1D3261A04832D001863B2 /* Build configuration list for PBXProject "Grayscale Slider" */ = {
			isa = XCConfigurationList;
			buildConfigurations = (
				9AD1D3481A04832D001863B2 /* Debug */,
				9AD1D3491A04832D001863B2 /* Release */,
			);
			defaultConfigurationIsVisible = 0;
			defaultConfigurationName = Release;
		};
		9AD1D34A1A04832D001863B2 /* Build configuration list for PBXNativeTarget "Grayscale Slider" */ = {
			isa = XCConfigurationList;
			buildConfigurations = (
				9AD1D34B1A04832D001863B2 /* Debug */,
				9AD1D34C1A04832D001863B2 /* Release */,
			);
			defaultConfigurationIsVisible = 0;
		};
		9AD1D34D1A04832D001863B2 /* Build configuration list for PBXNativeTarget "Grayscale SliderTests" */ = {
			isa = XCConfigurationList;
			buildConfigurations = (
				9AD1D34E1A04832D001863B2 /* Debug */,
				9AD1D34F1A04832D001863B2 /* Release */,
			);
			defaultConfigurationIsVisible = 0;
		};
/* End XCConfigurationList section */
	};
	rootObject = 9AD1D3231A04832D001863B2 /* Project object */;
}
