// !$*UTF8*$!
{
	archiveVersion = 1;
	classes = {
	};
	objectVersion = 46;
	objects = {

/* Begin PBXBuildFile section */
		9A4CDF3A1A1D38860056616B /* AppDelegate.swift in Sources */ = {isa = PBXBuildFile; fileRef = 9A4CDF391A1D38860056616B /* AppDelegate.swift */; };
		9A4CDF3C1A1D38860056616B /* ViewController.swift in Sources */ = {isa = PBXBuildFile; fileRef = 9A4CDF3B1A1D38860056616B /* ViewController.swift */; };
		9A4CDF3F1A1D38860056616B /* Main.storyboard in Resources */ = {isa = PBXBuildFile; fileRef = 9A4CDF3D1A1D38860056616B /* Main.storyboard */; };
		9A4CDF411A1D38860056616B /* Images.xcassets in Resources */ = {isa = PBXBuildFile; fileRef = 9A4CDF401A1D38860056616B /* Images.xcassets */; };
		9A4CDF441A1D38860056616B /* LaunchScreen.xib in Resources */ = {isa = PBXBuildFile; fileRef = 9A4CDF421A1D38860056616B /* LaunchScreen.xib */; };
		9A4CDF501A1D38860056616B /* Profile_Picture_ExampleTests.swift in Sources */ = {isa = PBXBuildFile; fileRef = 9A4CDF4F1A1D38860056616B /* Profile_Picture_ExampleTests.swift */; };
/* End PBXBuildFile section */

/* Begin PBXContainerItemProxy section */
		9A4CDF4A1A1D38860056616B /* PBXContainerItemProxy */ = {
			isa = PBXContainerItemProxy;
			containerPortal = 9A4CDF2C1A1D38860056616B /* Project object */;
			proxyType = 1;
			remoteGlobalIDString = 9A4CDF331A1D38860056616B;
			remoteInfo = "Profile Picture Example";
		};
/* End PBXContainerItemProxy section */

/* Begin PBXFileReference section */
		9A4CDF341A1D38860056616B /* Profile Picture Example.app */ = {isa = PBXFileReference; explicitFileType = wrapper.application; includeInIndex = 0; path = "Profile Picture Example.app"; sourceTree = BUILT_PRODUCTS_DIR; };
		9A4CDF381A1D38860056616B /* Info.plist */ = {isa = PBXFileReference; lastKnownFileType = text.plist.xml; path = Info.plist; sourceTree = "<group>"; };
		9A4CDF391A1D38860056616B /* AppDelegate.swift */ = {isa = PBXFileReference; lastKnownFileType = sourcecode.swift; path = AppDelegate.swift; sourceTree = "<group>"; };
		9A4CDF3B1A1D38860056616B /* ViewController.swift */ = {isa = PBXFileReference; lastKnownFileType = sourcecode.swift; path = ViewController.swift; sourceTree = "<group>"; };
		9A4CDF3E1A1D38860056616B /* Base */ = {isa = PBXFileReference; lastKnownFileType = file.storyboard; name = Base; path = Base.lproj/Main.storyboard; sourceTree = "<group>"; };
		9A4CDF401A1D38860056616B /* Images.xcassets */ = {isa = PBXFileReference; lastKnownFileType = folder.assetcatalog; path = Images.xcassets; sourceTree = "<group>"; };
		9A4CDF431A1D38860056616B /* Base */ = {isa = PBXFileReference; lastKnownFileType = file.xib; name = Base; path = Base.lproj/LaunchScreen.xib; sourceTree = "<group>"; };
		9A4CDF491A1D38860056616B /* Profile Picture ExampleTests.xctest */ = {isa = PBXFileReference; explicitFileType = wrapper.cfbundle; includeInIndex = 0; path = "Profile Picture ExampleTests.xctest"; sourceTree = BUILT_PRODUCTS_DIR; };
		9A4CDF4E1A1D38860056616B /* Info.plist */ = {isa = PBXFileReference; lastKnownFileType = text.plist.xml; path = Info.plist; sourceTree = "<group>"; };
		9A4CDF4F1A1D38860056616B /* Profile_Picture_ExampleTests.swift */ = {isa = PBXFileReference; lastKnownFileType = sourcecode.swift; path = Profile_Picture_ExampleTests.swift; sourceTree = "<group>"; };
/* End PBXFileReference section */

/* Begin PBXFrameworksBuildPhase section */
		9A4CDF311A1D38860056616B /* Frameworks */ = {
			isa = PBXFrameworksBuildPhase;
			buildActionMask = 2147483647;
			files = (
			);
			runOnlyForDeploymentPostprocessing = 0;
		};
		9A4CDF461A1D38860056616B /* Frameworks */ = {
			isa = PBXFrameworksBuildPhase;
			buildActionMask = 2147483647;
			files = (
			);
			runOnlyForDeploymentPostprocessing = 0;
		};
/* End PBXFrameworksBuildPhase section */

/* Begin PBXGroup section */
		9A4CDF2B1A1D38860056616B = {
			isa = PBXGroup;
			children = (
				9A4CDF361A1D38860056616B /* Profile Picture Example */,
				9A4CDF4C1A1D38860056616B /* Profile Picture ExampleTests */,
				9A4CDF351A1D38860056616B /* Products */,
			);
			sourceTree = "<group>";
		};
		9A4CDF351A1D38860056616B /* Products */ = {
			isa = PBXGroup;
			children = (
				9A4CDF341A1D38860056616B /* Profile Picture Example.app */,
				9A4CDF491A1D38860056616B /* Profile Picture ExampleTests.xctest */,
			);
			name = Products;
			sourceTree = "<group>";
		};
		9A4CDF361A1D38860056616B /* Profile Picture Example */ = {
			isa = PBXGroup;
			children = (
				9A4CDF391A1D38860056616B /* AppDelegate.swift */,
				9A4CDF3B1A1D38860056616B /* ViewController.swift */,
				9A4CDF3D1A1D38860056616B /* Main.storyboard */,
				9A4CDF401A1D38860056616B /* Images.xcassets */,
				9A4CDF421A1D38860056616B /* LaunchScreen.xib */,
				9A4CDF371A1D38860056616B /* Supporting Files */,
			);
			path = "Profile Picture Example";
			sourceTree = "<group>";
		};
		9A4CDF371A1D38860056616B /* Supporting Files */ = {
			isa = PBXGroup;
			children = (
				9A4CDF381A1D38860056616B /* Info.plist */,
			);
			name = "Supporting Files";
			sourceTree = "<group>";
		};
		9A4CDF4C1A1D38860056616B /* Profile Picture ExampleTests */ = {
			isa = PBXGroup;
			children = (
				9A4CDF4F1A1D38860056616B /* Profile_Picture_ExampleTests.swift */,
				9A4CDF4D1A1D38860056616B /* Supporting Files */,
			);
			path = "Profile Picture ExampleTests";
			sourceTree = "<group>";
		};
		9A4CDF4D1A1D38860056616B /* Supporting Files */ = {
			isa = PBXGroup;
			children = (
				9A4CDF4E1A1D38860056616B /* Info.plist */,
			);
			name = "Supporting Files";
			sourceTree = "<group>";
		};
/* End PBXGroup section */

/* Begin PBXNativeTarget section */
		9A4CDF331A1D38860056616B /* Profile Picture Example */ = {
			isa = PBXNativeTarget;
			buildConfigurationList = 9A4CDF531A1D38860056616B /* Build configuration list for PBXNativeTarget "Profile Picture Example" */;
			buildPhases = (
				9A4CDF301A1D38860056616B /* Sources */,
				9A4CDF311A1D38860056616B /* Frameworks */,
				9A4CDF321A1D38860056616B /* Resources */,
			);
			buildRules = (
			);
			dependencies = (
			);
			name = "Profile Picture Example";
			productName = "Profile Picture Example";
			productReference = 9A4CDF341A1D38860056616B /* Profile Picture Example.app */;
			productType = "com.apple.product-type.application";
		};
		9A4CDF481A1D38860056616B /* Profile Picture ExampleTests */ = {
			isa = PBXNativeTarget;
			buildConfigurationList = 9A4CDF561A1D38860056616B /* Build configuration list for PBXNativeTarget "Profile Picture ExampleTests" */;
			buildPhases = (
				9A4CDF451A1D38860056616B /* Sources */,
				9A4CDF461A1D38860056616B /* Frameworks */,
				9A4CDF471A1D38860056616B /* Resources */,
			);
			buildRules = (
			);
			dependencies = (
				9A4CDF4B1A1D38860056616B /* PBXTargetDependency */,
			);
			name = "Profile Picture ExampleTests";
			productName = "Profile Picture ExampleTests";
			productReference = 9A4CDF491A1D38860056616B /* Profile Picture ExampleTests.xctest */;
			productType = "com.apple.product-type.bundle.unit-test";
		};
/* End PBXNativeTarget section */

/* Begin PBXProject section */
		9A4CDF2C1A1D38860056616B /* Project object */ = {
			isa = PBXProject;
			attributes = {
				LastUpgradeCheck = 0610;
				ORGANIZATIONNAME = "Ryan Mesa";
				TargetAttributes = {
					9A4CDF331A1D38860056616B = {
						CreatedOnToolsVersion = 6.1;
					};
					9A4CDF481A1D38860056616B = {
						CreatedOnToolsVersion = 6.1;
						TestTargetID = 9A4CDF331A1D38860056616B;
					};
				};
			};
			buildConfigurationList = 9A4CDF2F1A1D38860056616B /* Build configuration list for PBXProject "Profile Picture Example" */;
			compatibilityVersion = "Xcode 3.2";
			developmentRegion = English;
			hasScannedForEncodings = 0;
			knownRegions = (
				en,
				Base,
			);
			mainGroup = 9A4CDF2B1A1D38860056616B;
			productRefGroup = 9A4CDF351A1D38860056616B /* Products */;
			projectDirPath = "";
			projectRoot = "";
			targets = (
				9A4CDF331A1D38860056616B /* Profile Picture Example */,
				9A4CDF481A1D38860056616B /* Profile Picture ExampleTests */,
			);
		};
/* End PBXProject section */

/* Begin PBXResourcesBuildPhase section */
		9A4CDF321A1D38860056616B /* Resources */ = {
			isa = PBXResourcesBuildPhase;
			buildActionMask = 2147483647;
			files = (
				9A4CDF3F1A1D38860056616B /* Main.storyboard in Resources */,
				9A4CDF441A1D38860056616B /* LaunchScreen.xib in Resources */,
				9A4CDF411A1D38860056616B /* Images.xcassets in Resources */,
			);
			runOnlyForDeploymentPostprocessing = 0;
		};
		9A4CDF471A1D38860056616B /* Resources */ = {
			isa = PBXResourcesBuildPhase;
			buildActionMask = 2147483647;
			files = (
			);
			runOnlyForDeploymentPostprocessing = 0;
		};
/* End PBXResourcesBuildPhase section */

/* Begin PBXSourcesBuildPhase section */
		9A4CDF301A1D38860056616B /* Sources */ = {
			isa = PBXSourcesBuildPhase;
			buildActionMask = 2147483647;
			files = (
				9A4CDF3C1A1D38860056616B /* ViewController.swift in Sources */,
				9A4CDF3A1A1D38860056616B /* AppDelegate.swift in Sources */,
			);
			runOnlyForDeploymentPostprocessing = 0;
		};
		9A4CDF451A1D38860056616B /* Sources */ = {
			isa = PBXSourcesBuildPhase;
			buildActionMask = 2147483647;
			files = (
				9A4CDF501A1D38860056616B /* Profile_Picture_ExampleTests.swift in Sources */,
			);
			runOnlyForDeploymentPostprocessing = 0;
		};
/* End PBXSourcesBuildPhase section */

/* Begin PBXTargetDependency section */
		9A4CDF4B1A1D38860056616B /* PBXTargetDependency */ = {
			isa = PBXTargetDependency;
			target = 9A4CDF331A1D38860056616B /* Profile Picture Example */;
			targetProxy = 9A4CDF4A1A1D38860056616B /* PBXContainerItemProxy */;
		};
/* End PBXTargetDependency section */

/* Begin PBXVariantGroup section */
		9A4CDF3D1A1D38860056616B /* Main.storyboard */ = {
			isa = PBXVariantGroup;
			children = (
				9A4CDF3E1A1D38860056616B /* Base */,
			);
			name = Main.storyboard;
			sourceTree = "<group>";
		};
		9A4CDF421A1D38860056616B /* LaunchScreen.xib */ = {
			isa = PBXVariantGroup;
			children = (
				9A4CDF431A1D38860056616B /* Base */,
			);
			name = LaunchScreen.xib;
			sourceTree = "<group>";
		};
/* End PBXVariantGroup section */

/* Begin XCBuildConfiguration section */
		9A4CDF511A1D38860056616B /* Debug */ = {
			isa = XCBuildConfiguration;
			buildSettings = {
				ALWAYS_SEARCH_USER_PATHS = NO;
				CLANG_CXX_LANGUAGE_STANDARD = "gnu++0x";
				CLANG_CXX_LIBRARY = "libc++";
				CLANG_ENABLE_MODULES = YES;
				CLANG_ENABLE_OBJC_ARC = YES;
				CLANG_WARN_BOOL_CONVERSION = YES;
				CLANG_WARN_CONSTANT_CONVERSION = YES;
				CLANG_WARN_DIRECT_OBJC_ISA_USAGE = YES_ERROR;
				CLANG_WARN_EMPTY_BODY = YES;
				CLANG_WARN_ENUM_CONVERSION = YES;
				CLANG_WARN_INT_CONVERSION = YES;
				CLANG_WARN_OBJC_ROOT_CLASS = YES_ERROR;
				CLANG_WARN_UNREACHABLE_CODE = YES;
				CLANG_WARN__DUPLICATE_METHOD_MATCH = YES;
				"CODE_SIGN_IDENTITY[sdk=iphoneos*]" = "iPhone Developer";
				COPY_PHASE_STRIP = NO;
				ENABLE_STRICT_OBJC_MSGSEND = YES;
				GCC_C_LANGUAGE_STANDARD = gnu99;
				GCC_DYNAMIC_NO_PIC = NO;
				GCC_OPTIMIZATION_LEVEL = 0;
				GCC_PREPROCESSOR_DEFINITIONS = (
					"DEBUG=1",
					"$(inherited)",
				);
				GCC_SYMBOLS_PRIVATE_EXTERN = NO;
				GCC_WARN_64_TO_32_BIT_CONVERSION = YES;
				GCC_WARN_ABOUT_RETURN_TYPE = YES_ERROR;
				GCC_WARN_UNDECLARED_SELECTOR = YES;
				GCC_WARN_UNINITIALIZED_AUTOS = YES_AGGRESSIVE;
				GCC_WARN_UNUSED_FUNCTION = YES;
				GCC_WARN_UNUSED_VARIABLE = YES;
				IPHONEOS_DEPLOYMENT_TARGET = 8.1;
				MTL_ENABLE_DEBUG_INFO = YES;
				ONLY_ACTIVE_ARCH = YES;
				SDKROOT = iphoneos;
				SWIFT_OPTIMIZATION_LEVEL = "-Onone";
			};
			name = Debug;
		};
		9A4CDF521A1D38860056616B /* Release */ = {
			isa = XCBuildConfiguration;
			buildSettings = {
				ALWAYS_SEARCH_USER_PATHS = NO;
				CLANG_CXX_LANGUAGE_STANDARD = "gnu++0x";
				CLANG_CXX_LIBRARY = "libc++";
				CLANG_ENABLE_MODULES = YES;
				CLANG_ENABLE_OBJC_ARC = YES;
				CLANG_WARN_BOOL_CONVERSION = YES;
				CLANG_WARN_CONSTANT_CONVERSION = YES;
				CLANG_WARN_DIRECT_OBJC_ISA_USAGE = YES_ERROR;
				CLANG_WARN_EMPTY_BODY = YES;
				CLANG_WARN_ENUM_CONVERSION = YES;
				CLANG_WARN_INT_CONVERSION = YES;
				CLANG_WARN_OBJC_ROOT_CLASS = YES_ERROR;
				CLANG_WARN_UNREACHABLE_CODE = YES;
				CLANG_WARN__DUPLICATE_METHOD_MATCH = YES;
				"CODE_SIGN_IDENTITY[sdk=iphoneos*]" = "iPhone Developer";
				COPY_PHASE_STRIP = YES;
				ENABLE_NS_ASSERTIONS = NO;
				ENABLE_STRICT_OBJC_MSGSEND = YES;
				GCC_C_LANGUAGE_STANDARD = gnu99;
				GCC_WARN_64_TO_32_BIT_CONVERSION = YES;
				GCC_WARN_ABOUT_RETURN_TYPE = YES_ERROR;
				GCC_WARN_UNDECLARED_SELECTOR = YES;
				GCC_WARN_UNINITIALIZED_AUTOS = YES_AGGRESSIVE;
				GCC_WARN_UNUSED_FUNCTION = YES;
				GCC_WARN_UNUSED_VARIABLE = YES;
				IPHONEOS_DEPLOYMENT_TARGET = 8.1;
				MTL_ENABLE_DEBUG_INFO = NO;
				SDKROOT = iphoneos;
				VALIDATE_PRODUCT = YES;
			};
			name = Release;
		};
		9A4CDF541A1D38860056616B /* Debug */ = {
			isa = XCBuildConfiguration;
			buildSettings = {
				ASSETCATALOG_COMPILER_APPICON_NAME = AppIcon;
				INFOPLIST_FILE = "Profile Picture Example/Info.plist";
				LD_RUNPATH_SEARCH_PATHS = "$(inherited) @executable_path/Frameworks";
				PRODUCT_NAME = "$(TARGET_NAME)";
			};
			name = Debug;
		};
		9A4CDF551A1D38860056616B /* Release */ = {
			isa = XCBuildConfiguration;
			buildSettings = {
				ASSETCATALOG_COMPILER_APPICON_NAME = AppIcon;
				INFOPLIST_FILE = "Profile Picture Example/Info.plist";
				LD_RUNPATH_SEARCH_PATHS = "$(inherited) @executable_path/Frameworks";
				PRODUCT_NAME = "$(TARGET_NAME)";
			};
			name = Release;
		};
		9A4CDF571A1D38860056616B /* Debug */ = {
			isa = XCBuildConfiguration;
			buildSettings = {
				BUNDLE_LOADER = "$(TEST_HOST)";
				FRAMEWORK_SEARCH_PATHS = (
					"$(SDKROOT)/Developer/Library/Frameworks",
					"$(inherited)",
				);
				GCC_PREPROCESSOR_DEFINITIONS = (
					"DEBUG=1",
					"$(inherited)",
				);
				INFOPLIST_FILE = "Profile Picture ExampleTests/Info.plist";
				LD_RUNPATH_SEARCH_PATHS = "$(inherited) @executable_path/Frameworks @loader_path/Frameworks";
				PRODUCT_NAME = "$(TARGET_NAME)";
				TEST_HOST = "$(BUILT_PRODUCTS_DIR)/Profile Picture Example.app/Profile Picture Example";
			};
			name = Debug;
		};
		9A4CDF581A1D38860056616B /* Release */ = {
			isa = XCBuildConfiguration;
			buildSettings = {
				BUNDLE_LOADER = "$(TEST_HOST)";
				FRAMEWORK_SEARCH_PATHS = (
					"$(SDKROOT)/Developer/Library/Frameworks",
					"$(inherited)",
				);
				INFOPLIST_FILE = "Profile Picture ExampleTests/Info.plist";
				LD_RUNPATH_SEARCH_PATHS = "$(inherited) @executable_path/Frameworks @loader_path/Frameworks";
				PRODUCT_NAME = "$(TARGET_NAME)";
				TEST_HOST = "$(BUILT_PRODUCTS_DIR)/Profile Picture Example.app/Profile Picture Example";
			};
			name = Release;
		};
/* End XCBuildConfiguration section */

/* Begin XCConfigurationList section */
		9A4CDF2F1A1D38860056616B /* Build configuration list for PBXProject "Profile Picture Example" */ = {
			isa = XCConfigurationList;
			buildConfigurations = (
				9A4CDF511A1D38860056616B /* Debug */,
				9A4CDF521A1D38860056616B /* Release */,
			);
			defaultConfigurationIsVisible = 0;
			defaultConfigurationName = Release;
		};
		9A4CDF531A1D38860056616B /* Build configuration list for PBXNativeTarget "Profile Picture Example" */ = {
			isa = XCConfigurationList;
			buildConfigurations = (
				9A4CDF541A1D38860056616B /* Debug */,
				9A4CDF551A1D38860056616B /* Release */,
			);
			defaultConfigurationIsVisible = 0;
		};
		9A4CDF561A1D38860056616B /* Build configuration list for PBXNativeTarget "Profile Picture ExampleTests" */ = {
			isa = XCConfigurationList;
			buildConfigurations = (
				9A4CDF571A1D38860056616B /* Debug */,
				9A4CDF581A1D38860056616B /* Release */,
			);
			defaultConfigurationIsVisible = 0;
		};
/* End XCConfigurationList section */
	};
	rootObject = 9A4CDF2C1A1D38860056616B /* Project object */;
}
