// !$*UTF8*$!
{
	archiveVersion = 1;
	classes = {
	};
	objectVersion = 46;
	objects = {

/* Begin PBXBuildFile section */
		9A3800F019CFD0A9005249FD /* main.swift in Sources */ = {isa = PBXBuildFile; fileRef = 9A3800EF19CFD0A9005249FD /* main.swift */; };
		9A3800F719CFE2E4005249FD /* CarFactory.swift in Sources */ = {isa = PBXBuildFile; fileRef = 9A3800F619CFE2E4005249FD /* CarFactory.swift */; };
/* End PBXBuildFile section */

/* Begin PBXCopyFilesBuildPhase section */
		9A3800EA19CFD0A9005249FD /* CopyFiles */ = {
			isa = PBXCopyFilesBuildPhase;
			buildActionMask = 2147483647;
			dstPath = /usr/share/man/man1/;
			dstSubfolderSpec = 0;
			files = (
			);
			runOnlyForDeploymentPostprocessing = 1;
		};
/* End PBXCopyFilesBuildPhase section */

/* Begin PBXFileReference section */
		9A3800EC19CFD0A9005249FD /* Unit2Lesson2 */ = {isa = PBXFileReference; explicitFileType = "compiled.mach-o.executable"; includeInIndex = 0; path = Unit2Lesson2; sourceTree = BUILT_PRODUCTS_DIR; };
		9A3800EF19CFD0A9005249FD /* main.swift */ = {isa = PBXFileReference; lastKnownFileType = sourcecode.swift; path = main.swift; sourceTree = "<group>"; };
		9A3800F619CFE2E4005249FD /* CarFactory.swift */ = {isa = PBXFileReference; fileEncoding = 4; lastKnownFileType = sourcecode.swift; path = CarFactory.swift; sourceTree = "<group>"; };
/* End PBXFileReference section */

/* Begin PBXFrameworksBuildPhase section */
		9A3800E919CFD0A9005249FD /* Frameworks */ = {
			isa = PBXFrameworksBuildPhase;
			buildActionMask = 2147483647;
			files = (
			);
			runOnlyForDeploymentPostprocessing = 0;
		};
/* End PBXFrameworksBuildPhase section */

/* Begin PBXGroup section */
		9A3800E319CFD0A9005249FD = {
			isa = PBXGroup;
			children = (
				9A3800EE19CFD0A9005249FD /* Unit2Lesson2 */,
				9A3800ED19CFD0A9005249FD /* Products */,
			);
			sourceTree = "<group>";
		};
		9A3800ED19CFD0A9005249FD /* Products */ = {
			isa = PBXGroup;
			children = (
				9A3800EC19CFD0A9005249FD /* Unit2Lesson2 */,
			);
			name = Products;
			sourceTree = "<group>";
		};
		9A3800EE19CFD0A9005249FD /* Unit2Lesson2 */ = {
			isa = PBXGroup;
			children = (
				9A3800EF19CFD0A9005249FD /* main.swift */,
				9A3800F619CFE2E4005249FD /* CarFactory.swift */,
			);
			path = Unit2Lesson2;
			sourceTree = "<group>";
		};
/* End PBXGroup section */

/* Begin PBXNativeTarget section */
		9A3800EB19CFD0A9005249FD /* Unit2Lesson2 */ = {
			isa = PBXNativeTarget;
			buildConfigurationList = 9A3800F319CFD0A9005249FD /* Build configuration list for PBXNativeTarget "Unit2Lesson2" */;
			buildPhases = (
				9A3800E819CFD0A9005249FD /* Sources */,
				9A3800E919CFD0A9005249FD /* Frameworks */,
				9A3800EA19CFD0A9005249FD /* CopyFiles */,
			);
			buildRules = (
			);
			dependencies = (
			);
			name = Unit2Lesson2;
			productName = Unit2Lesson2;
			productReference = 9A3800EC19CFD0A9005249FD /* Unit2Lesson2 */;
			productType = "com.apple.product-type.tool";
		};
/* End PBXNativeTarget section */

/* Begin PBXProject section */
		9A3800E419CFD0A9005249FD /* Project object */ = {
			isa = PBXProject;
			attributes = {
				LastUpgradeCheck = 0610;
				ORGANIZATIONNAME = "Ryan Mesa";
				TargetAttributes = {
					9A3800EB19CFD0A9005249FD = {
						CreatedOnToolsVersion = 6.1;
					};
				};
			};
			buildConfigurationList = 9A3800E719CFD0A9005249FD /* Build configuration list for PBXProject "Unit2Lesson2" */;
			compatibilityVersion = "Xcode 3.2";
			developmentRegion = English;
			hasScannedForEncodings = 0;
			knownRegions = (
				en,
			);
			mainGroup = 9A3800E319CFD0A9005249FD;
			productRefGroup = 9A3800ED19CFD0A9005249FD /* Products */;
			projectDirPath = "";
			projectRoot = "";
			targets = (
				9A3800EB19CFD0A9005249FD /* Unit2Lesson2 */,
			);
		};
/* End PBXProject section */

/* Begin PBXSourcesBuildPhase section */
		9A3800E819CFD0A9005249FD /* Sources */ = {
			isa = PBXSourcesBuildPhase;
			buildActionMask = 2147483647;
			files = (
				9A3800F019CFD0A9005249FD /* main.swift in Sources */,
				9A3800F719CFE2E4005249FD /* CarFactory.swift in Sources */,
			);
			runOnlyForDeploymentPostprocessing = 0;
		};
/* End PBXSourcesBuildPhase section */

/* Begin XCBuildConfiguration section */
		9A3800F119CFD0A9005249FD /* Debug */ = {
			isa = XCBuildConfiguration;
			buildSettings = {
				ALWAYS_SEARCH_USER_PATHS = NO;
				CLANG_CXX_LANGUAGE_STANDARD = "gnu++0x";
				CLANG_CXX_LIBRARY = "libc++";
				CLANG_ENABLE_MODULES = YES;
				CLANG_ENABLE_OBJC_ARC = YES;
				CLANG_WARN_BOOL_CONVERSION = YES;
				CLANG_WARN_CONSTANT_CONVERSION = YES;
				CLANG_WARN_DIRECT_OBJC_ISA_USAGE = YES_ERROR;
				CLANG_WARN_EMPTY_BODY = YES;
				CLANG_WARN_ENUM_CONVERSION = YES;
				CLANG_WARN_INT_CONVERSION = YES;
				CLANG_WARN_OBJC_ROOT_CLASS = YES_ERROR;
				CLANG_WARN_UNREACHABLE_CODE = YES;
				CLANG_WARN__DUPLICATE_METHOD_MATCH = YES;
				COPY_PHASE_STRIP = NO;
				ENABLE_STRICT_OBJC_MSGSEND = YES;
				GCC_C_LANGUAGE_STANDARD = gnu99;
				GCC_DYNAMIC_NO_PIC = NO;
				GCC_OPTIMIZATION_LEVEL = 0;
				GCC_PREPROCESSOR_DEFINITIONS = (
					"DEBUG=1",
					"$(inherited)",
				);
				GCC_SYMBOLS_PRIVATE_EXTERN = NO;
				GCC_WARN_64_TO_32_BIT_CONVERSION = YES;
				GCC_WARN_ABOUT_RETURN_TYPE = YES_ERROR;
				GCC_WARN_UNDECLARED_SELECTOR = YES;
				GCC_WARN_UNINITIALIZED_AUTOS = YES_AGGRESSIVE;
				GCC_WARN_UNUSED_FUNCTION = YES;
				GCC_WARN_UNUSED_VARIABLE = YES;
				MACOSX_DEPLOYMENT_TARGET = 10.9;
				MTL_ENABLE_DEBUG_INFO = YES;
				ONLY_ACTIVE_ARCH = YES;
				SDKROOT = macosx;
				SWIFT_OPTIMIZATION_LEVEL = "-Onone";
			};
			name = Debug;
		};
		9A3800F219CFD0A9005249FD /* Release */ = {
			isa = XCBuildConfiguration;
			buildSettings = {
				ALWAYS_SEARCH_USER_PATHS = NO;
				CLANG_CXX_LANGUAGE_STANDARD = "gnu++0x";
				CLANG_CXX_LIBRARY = "libc++";
				CLANG_ENABLE_MODULES = YES;
				CLANG_ENABLE_OBJC_ARC = YES;
				CLANG_WARN_BOOL_CONVERSION = YES;
				CLANG_WARN_CONSTANT_CONVERSION = YES;
				CLANG_WARN_DIRECT_OBJC_ISA_USAGE = YES_ERROR;
				CLANG_WARN_EMPTY_BODY = YES;
				CLANG_WARN_ENUM_CONVERSION = YES;
				CLANG_WARN_INT_CONVERSION = YES;
				CLANG_WARN_OBJC_ROOT_CLASS = YES_ERROR;
				CLANG_WARN_UNREACHABLE_CODE = YES;
				CLANG_WARN__DUPLICATE_METHOD_MATCH = YES;
				COPY_PHASE_STRIP = YES;
				DEBUG_INFORMATION_FORMAT = "dwarf-with-dsym";
				ENABLE_NS_ASSERTIONS = NO;
				ENABLE_STRICT_OBJC_MSGSEND = YES;
				GCC_C_LANGUAGE_STANDARD = gnu99;
				GCC_WARN_64_TO_32_BIT_CONVERSION = YES;
				GCC_WARN_ABOUT_RETURN_TYPE = YES_ERROR;
				GCC_WARN_UNDECLARED_SELECTOR = YES;
				GCC_WARN_UNINITIALIZED_AUTOS = YES_AGGRESSIVE;
				GCC_WARN_UNUSED_FUNCTION = YES;
				GCC_WARN_UNUSED_VARIABLE = YES;
				MACOSX_DEPLOYMENT_TARGET = 10.9;
				MTL_ENABLE_DEBUG_INFO = NO;
				SDKROOT = macosx;
			};
			name = Release;
		};
		9A3800F419CFD0A9005249FD /* Debug */ = {
			isa = XCBuildConfiguration;
			buildSettings = {
				PRODUCT_NAME = "$(TARGET_NAME)";
			};
			name = Debug;
		};
		9A3800F519CFD0A9005249FD /* Release */ = {
			isa = XCBuildConfiguration;
			buildSettings = {
				PRODUCT_NAME = "$(TARGET_NAME)";
			};
			name = Release;
		};
/* End XCBuildConfiguration section */

/* Begin XCConfigurationList section */
		9A3800E719CFD0A9005249FD /* Build configuration list for PBXProject "Unit2Lesson2" */ = {
			isa = XCConfigurationList;
			buildConfigurations = (
				9A3800F119CFD0A9005249FD /* Debug */,
				9A3800F219CFD0A9005249FD /* Release */,
			);
			defaultConfigurationIsVisible = 0;
			defaultConfigurationName = Release;
		};
		9A3800F319CFD0A9005249FD /* Build configuration list for PBXNativeTarget "Unit2Lesson2" */ = {
			isa = XCConfigurationList;
			buildConfigurations = (
				9A3800F419CFD0A9005249FD /* Debug */,
				9A3800F519CFD0A9005249FD /* Release */,
			);
			defaultConfigurationIsVisible = 0;
			defaultConfigurationName = Release;
		};
/* End XCConfigurationList section */
	};
	rootObject = 9A3800E419CFD0A9005249FD /* Project object */;
}
